Microsoft Visual Studio Solution File, Format Version 12.00
# Visual Studio Version 17
VisualStudioVersion = 17.5.2.0
MinimumVisualStudioVersion = 10.0.40219.1
Project("{FAE04EC0-301F-11D3-BF4B-00C04F79EFBC}") = "GapInMyResume.API", "GapInMyResume.API.csproj", "{872ABBE0-5DC9-8550-2889-D0E64F73DA0E}"
EndProject
Global
	GlobalSection(SolutionConfigurationPlatforms) = preSolution
		Debug|Any CPU = Debug|Any CPU
		Release|Any CPU = Release|Any CPU
	EndGlobalSection
	GlobalSection(ProjectConfigurationPlatforms) = postSolution
		{872ABBE0-5DC9-8550-2889-D0E64F73DA0E}.Debug|Any CPU.ActiveCfg = Debug|Any CPU
		{872ABBE0-5DC9-8550-2889-D0E64F73DA0E}.Debug|Any CPU.Build.0 = Debug|Any CPU
		{872ABBE0-5DC9-8550-2889-D0E64F73DA0E}.Release|Any CPU.ActiveCfg = Release|Any CPU
		{872ABBE0-5DC9-8550-2889-D0E64F73DA0E}.Release|Any CPU.Build.0 = Release|Any CPU
	EndGlobalSection
	GlobalSection(SolutionProperties) = preSolution
		HideSolutionNode = FALSE
	EndGlobalSection
	GlobalSection(ExtensibilityGlobals) = postSolution
		SolutionGuid = {40E3905C-20B3-411C-928A-2BD9C9095E37}
	EndGlobalSection
EndGlobal
